# This file was autogenerated by Stack.
# You should not edit this file by hand.
# For more information, please see the documentation at:
#   https://docs.haskellstack.org/en/stable/lock_files

packages:
- completed:
    hackage: ztar-1.0.1@sha256:556639ad08199063b848e748d78267e877d85648d6e935fcbe78333e9fac1a46,2642
    pantry-tree:
      sha256: c6fd6be04a5eb314afa909e4183cb2db659ddacfa62a4448cfeaf735bf333049
      size: 653
  original:
    hackage: ztar-1.0.1
snapshots:
- completed:
    sha256: 1867d84255dff8c87373f5dd03e5a5cb1c10a99587e26c8793e750c54e83ffdc
    size: 639139
    url: https://raw.githubusercontent.com/commercialhaskell/stackage-snapshots/master/lts/21/0.yaml
  original: lts-21.0
